github.com/BurntSushi/toml v0.0.0-20150501104042-056c9bc7be71 h1:hSqbvHZtSH+pgffd0gi00sq8yFtOgdXYtXdWfTlJ7eY=
github.com/BurntSushi/toml v0.0.0-20150501104042-056c9bc7be71/go.mod h1:xHWCNGjB5oqiDr8zfno3MHue2Ht5sIBksp03qcyfWMU=
github.com/Sirupsen/logrus v0.0.0-20150707180735-07d998d174c4 h1:wA7HHuBtf1jUhBSJlX30PvjiprKtWWWFzL7m9iiOVa8=
github.com/Sirupsen/logrus v0.0.0-20150707180735-07d998d174c4/go.mod h1:rmk17hk6i8ZSAJkSDa7nOxamrG+SP4P0mm+DAvExv4U=
github.com/boltdb/bolt v1.3.1 h1:JQmyP4ZBrce+ZQu0dY660FMfatumYDLun9hBCUVIkF4=
github.com/boltdb/bolt v1.3.1/go.mod h1:clJnj/oiGkjum5o1McbSZDSLxVThjynRyGBgiAx27Ps=
github.com/davecgh/go-spew v1.1.1 h1:vj9j/u1bqnvCEfJOwUhtlOARqs3+rkHYY13jYWTU97c=
github.com/davecgh/go-spew v1.1.1/go.mod h1:J7Y8YcW2NihsgmVo/mv3lAwl/skON4iLHjSsI+c5H38=
github.com/etcd-io/bbolt v1.3.0 h1:ec0U3x11Mk69A8YwQyZEhNaUqHkQSv2gDR3Bioz5DfU=
github.com/etcd-io/bbolt v1.3.0/go.mod h1:ZF2nL25h33cCyBtcyWeZ2/I3HQOfTP+0PIEvHjkjCrw=
github.com/gin-gonic/gin v0.0.0-20150712143515-fd5d4294a5d5 h1:79edCipZg01POo9EPqEdjiYKISwwB3o+5oO0McZBRY0=
github.com/gin-gonic/gin v0.0.0-20150712143515-fd5d4294a5d5/go.mod h1:7cKuhb5qV2ggCFctp2fJQ+ErvciLZrIeoOSOm6mUr7Y=
github.com/kr/pretty v0.0.0-20150520163514-e6ac2fc51e89 h1:Smt4CPhAnATQEGlX/nyqGETX4Tj8bg/7shBT5gH8d7s=
github.com/kr/pretty v0.0.0-20150520163514-e6ac2fc51e89/go.mod h1:Bvhd+E3laJ0AVkG0c9rmtZcnhV0HQ3+c3YxxqTvc/gA=
github.com/kr/text v0.0.0-20150520163712-e373e137fafd h1:ohpc+F5FseC/PPrR1wz2WcZxOc4kplnJ39pGbFlj/eY=
github.com/kr/text v0.0.0-20150520163712-e373e137fafd/go.mod h1:sjUstKUATFIcff4qlB53Kml0wQPtJVc/3fWrmuUmcfA=
github.com/magiconair/properties v1.5.5 h1:kj3jVeqWm+58Zdk22bujKleva2SRaaYk6SP08C0BuWw=
github.com/magiconair/properties v1.5.5/go.mod h1:PppfXfuXeibc/6YijjN8zIbojt8czPbwD3XqdrwzmxQ=
github.com/manucorporat/sse v0.0.0-20150604091100-c142f0f1baea h1:3she1OMibtVtGiZSF65Cfi5ijRb+pAKXmstffNs5i+4=
github.com/manucorporat/sse v0.0.0-20150604091100-c142f0f1baea/go.mod h1:zUx1mhth20V3VKgL5jbd1BSQcW4Fy6Qs4PZvQwRFwzM=
github.com/mattn/go-colorable v0.0.0-20150625154642-40e4aedc8fab h1:3lgod/2wdM8WaJNBe16LkFmrz2XkXbH2YhbRWh38W9U=
github.com/mattn/go-colorable v0.0.0-20150625154642-40e4aedc8fab/go.mod h1:9vuHe8Xs5qXnSaW/c/ABM9alt+Vo+STaOChaDxuIBZU=
github.com/mattn/go-isatty v0.0.4 h1:bnP0vzxcAdeI1zdubAl5PjU6zsERjGZb7raWodagDYs=
github.com/mattn/go-isatty v0.0.4/go.mod h1:M+lRXTBqGeGNdLjl/ufCoiOlB5xdOkqRJdNxMWT7Zi4=
github.com/mitchellh/mapstructure v0.0.0-20150717051158-281073eb9eb0 h1:6VeKv8nNMVKA6qmZLYnPTx0tJ//NbDj1SbubWIikJ9k=
github.com/mitchellh/mapstructure v0.0.0-20150717051158-281073eb9eb0/go.mod h1:FVVH3fgwuzCH5S8UJGiWEs2h04kUh9fWfEaFds41c1Y=
github.com/pmezard/go-difflib v1.0.0 h1:4DBwDE0NGyQoBHbLQYPwSUPoCMWR5BEzIk/f1lZbAQM=
github.com/pmezard/go-difflib v1.0.0/go.mod h1:iKH77koFhYxTK1pcRnkKkqfTogsbg7gZNVY4sRDYZ/4=
github.com/pmylund/go-cache v1.0.0 h1:jbJMNhn4LhBfb3dRejPlnjxSiokDt4qO5NWt8mMi+UE=
github.com/pmylund/go-cache v1.0.0/go.mod h1:hmz95dGvINpbRZGsqPcd7B5xXY5+EKb5PpGhQY3NTHk=
github.com/smartystreets/goconvey v0.0.0-20141001174145-c9900a95b757 h1:Qojda6XU06fHkgBQraXJKpvI3/Ev6bnotmKbNbIpVO4=
github.com/smartystreets/goconvey v0.0.0-20141001174145-c9900a95b757/go.mod h1:XDJAKZRPZ1CvBcN2aX5YOUTYGHki24fSF0Iv48Ibg0s=
github.com/spf13/cast v0.0.0-20150803163715-ee815aaf958c h1:53MdjxgQtfowf0DrTyHzzA8pPizHMbv777RaECQq6UY=
github.com/spf13/cast v0.0.0-20150803163715-ee815aaf958c/go.mod h1:r2rcYCSwa1IExKTDiTfzaxqT2FNHs8hODu4LnUfgKEg=
github.com/spf13/jwalterweatherman v0.0.0-20141219030609-3d60171a6431 h1:XTHrT015sxHyJ5FnQ0AeemSspZWaDq7DoTRW0EVsDCE=
github.com/spf13/jwalterweatherman v0.0.0-20141219030609-3d60171a6431/go.mod h1:cQK4TGJAtQXfYWX+Ddv3mKDzgVb68N+wFjFa4jdeBTo=
github.com/spf13/pflag v0.0.0-20150622203059-67cbc198fd11 h1:/w5XR08xoZMOVQmsyNXsWnrCFk65Y0zonBtJUY5ixZU=
github.com/spf13/pflag v0.0.0-20150622203059-67cbc198fd11/go.mod h1:DYY7MBk1bdzusC3SYhjObp+wFpr4gzcvqqNjLnInEg4=
github.com/spf13/viper v0.0.0-20150730174619-2abb1bebfde8 h1:lrhifeOjP0Hd8kCpc6zyJJlZv+goKhhiD30Ilu6yM4g=
github.com/spf13/viper v0.0.0-20150730174619-2abb1bebfde8/go.mod h1:A8kyI5cUJhb8N+3pkfONlcEcZbueH6nhAm0Fq7SrnBM=
github.com/stretchr/testify v1.2.2 h1:bSDNvY7ZPG5RlJ8otE/7V6gMiyenm9RtJ7IUVIAoJ1w=
github.com/stretchr/testify v1.2.2/go.mod h1:a8OnRcib4nhh0OaRAV+Yts87kKdq0PP7pXfy6kDkUVs=
golang.org/x/net v0.0.0-20150429055707-a8c61998a557 h1:OCE/c9FwcDX7dZdroPjkWNZ2hzcQKVEWRoTUBuRftr4=
golang.org/x/net v0.0.0-20150429055707-a8c61998a557/go.mod h1:mL1N/T3taQHkDXs73rZJwtUhF3w3ftmwwsq0BUmARs4=
golang.org/x/sys v0.0.0-20180928133829-e4b3c5e90611 h1:O33LKL7WyJgjN9CvxfTIomjIClbd/Kq86/iipowHQU0=
golang.org/x/sys v0.0.0-20180928133829-e4b3c5e90611/go.mod h1:STP8DvDyc/dI5b8T5hshtkjS+E42TnysNCUPdjciGhY=
gopkg.in/bluesuncorp/validator.v5 v5.8.1 h1:7zi68O6o6JHkGxcdWG5fHKvMAOT3VwNFoD9JbEoq9JA=
gopkg.in/bluesuncorp/validator.v5 v5.8.1/go.mod h1:ScQmud/GM3iSR85jRE+8BI8E8oFv5oj4qyd5Xaw7hgE=
gopkg.in/check.v1 v1.0.0-20180628173108-788fd7840127 h1:qIbj1fsPNlZgppZ+VLlY7N33q108Sa+fhmuc+sWQYwY=
gopkg.in/check.v1 v1.0.0-20180628173108-788fd7840127/go.mod h1:Co6ibVJAznAaIkqp8huTwlJQCZ016jof/cbN4VW5Yz0=
gopkg.in/yaml.v2 v2.0.0-20150519104233-c1cd2254a6dd h1:ae3xQ10+LzEns74Eh69iS8M3WRlBPisRZPJna1ZC4Nw=
gopkg.in/yaml.v2 v2.0.0-20150519104233-c1cd2254a6dd/go.mod h1:JAlM8MvJe8wmxCU4Bli9HhUf9+ttbYbLASfIpnQbh74=
